
Microsoft Visual Studio Solution File, Format Version 12.00
# Visual Studio Version 17
VisualStudioVersion = 17.5.33424.131
MinimumVisualStudioVersion = 10.0.40219.1
Project("{FAE04EC0-301F-11D3-BF4B-00C04F79EFBC}") = "NetNlogRule", "NetNlogRule\NetNlogRule.csproj", "{E0D36589-E1CB-4103-9F78-2F4A3D45B23D}"
EndProject
Global
	GlobalSection(SolutionConfigurationPlatforms) = preSolution
		Debug|Any CPU = Debug|Any CPU
		Release|Any CPU = Release|Any CPU
	EndGlobalSection
	GlobalSection(ProjectConfigurationPlatforms) = postSolution
		{E0D36589-E1CB-4103-9F78-2F4A3D45B23D}.Debug|Any CPU.ActiveCfg = Debug|Any CPU
		{E0D36589-E1CB-4103-9F78-2F4A3D45B23D}.Debug|Any CPU.Build.0 = Debug|Any CPU
		{E0D36589-E1CB-4103-9F78-2F4A3D45B23D}.Release|Any CPU.ActiveCfg = Release|Any CPU
		{E0D36589-E1CB-4103-9F78-2F4A3D45B23D}.Release|Any CPU.Build.0 = Release|Any CPU
	EndGlobalSection
	GlobalSection(SolutionProperties) = preSolution
		HideSolutionNode = FALSE
	EndGlobalSection
	GlobalSection(ExtensibilityGlobals) = postSolution
		SolutionGuid = {14ADDA5E-DC97-4C26-98B0-86A80B3D8463}
	EndGlobalSection
EndGlobal
