
Microsoft Visual Studio Solution File, Format Version 12.00
# Visual Studio Version 17
VisualStudioVersion = 17.5.33414.496
MinimumVisualStudioVersion = 10.0.40219.1
Project("{FAE04EC0-301F-11D3-BF4B-00C04F79EFBC}") = "NetNlog", "NetNlog.csproj", "{AD055829-2DDD-4DA1-9A05-1704EE2E51C3}"
EndProject
Global
	GlobalSection(SolutionConfigurationPlatforms) = preSolution
		Debug|Any CPU = Debug|Any CPU
		Release|Any CPU = Release|Any CPU
	EndGlobalSection
	GlobalSection(ProjectConfigurationPlatforms) = postSolution
		{AD055829-2DDD-4DA1-9A05-1704EE2E51C3}.Debug|Any CPU.ActiveCfg = Debug|Any CPU
		{AD055829-2DDD-4DA1-9A05-1704EE2E51C3}.Debug|Any CPU.Build.0 = Debug|Any CPU
		{AD055829-2DDD-4DA1-9A05-1704EE2E51C3}.Release|Any CPU.ActiveCfg = Release|Any CPU
		{AD055829-2DDD-4DA1-9A05-1704EE2E51C3}.Release|Any CPU.Build.0 = Release|Any CPU
	EndGlobalSection
	GlobalSection(SolutionProperties) = preSolution
		HideSolutionNode = FALSE
	EndGlobalSection
	GlobalSection(ExtensibilityGlobals) = postSolution
		SolutionGuid = {F04D2D36-CE97-4235-8C23-64B04751CF51}
	EndGlobalSection
EndGlobal
